// !$*UTF8*$!
{
	archiveVersion = 1;
	classes = {
	};
	objectVersion = 48;
	objects = {

/* Begin PBXBuildFile section */
		899C0B3A20244E680060BA4B /* AppDelegate.m in Sources */ = {isa = PBXBuildFile; fileRef = 899C0B3920244E680060BA4B /* AppDelegate.m */; };
		899C0B3D20244E680060BA4B /* ViewController.m in Sources */ = {isa = PBXBuildFile; fileRef = 899C0B3C20244E680060BA4B /* ViewController.m */; };
		899C0B4020244E680060BA4B /* Main.storyboard in Resources */ = {isa = PBXBuildFile; fileRef = 899C0B3E20244E680060BA4B /* Main.storyboard */; };
		899C0B4220244E680060BA4B /* Assets.xcassets in Resources */ = {isa = PBXBuildFile; fileRef = 899C0B4120244E680060BA4B /* Assets.xcassets */; };
		899C0B4520244E680060BA4B /* LaunchScreen.storyboard in Resources */ = {isa = PBXBuildFile; fileRef = 899C0B4320244E680060BA4B /* LaunchScreen.storyboard */; };
		899C0B4820244E680060BA4B /* main.m in Sources */ = {isa = PBXBuildFile; fileRef = 899C0B4720244E680060BA4B /* main.m */; };
		899C0B5220244E690060BA4B /* ArrNilSafeDemoTests.m in Sources */ = {isa = PBXBuildFile; fileRef = 899C0B5120244E690060BA4B /* ArrNilSafeDemoTests.m */; };
		899C0B5D20244E690060BA4B /* ArrNilSafeDemoUITests.m in Sources */ = {isa = PBXBuildFile; fileRef = 899C0B5C20244E690060BA4B /* ArrNilSafeDemoUITests.m */; };
		899C0B7020244EA20060BA4B /* NSMutableArray+NilSafe.m in Sources */ = {isa = PBXBuildFile; fileRef = 899C0B6B20244EA10060BA4B /* NSMutableArray+NilSafe.m */; };
		899C0B7120244EA20060BA4B /* NSArray+NilSafe.m in Sources */ = {isa = PBXBuildFile; fileRef = 899C0B6D20244EA20060BA4B /* NSArray+NilSafe.m */; };
		899C0B7220244EA20060BA4B /* NSObject+Swizzling.m in Sources */ = {isa = PBXBuildFile; fileRef = 899C0B6F20244EA20060BA4B /* NSObject+Swizzling.m */; };
/* End PBXBuildFile section */

/* Begin PBXContainerItemProxy section */
		899C0B4E20244E690060BA4B /* PBXContainerItemProxy */ = {
			isa = PBXContainerItemProxy;
			containerPortal = 899C0B2D20244E670060BA4B /* Project object */;
			proxyType = 1;
			remoteGlobalIDString = 899C0B3420244E680060BA4B;
			remoteInfo = ArrNilSafeDemo;
		};
		899C0B5920244E690060BA4B /* PBXContainerItemProxy */ = {
			isa = PBXContainerItemProxy;
			containerPortal = 899C0B2D20244E670060BA4B /* Project object */;
			proxyType = 1;
			remoteGlobalIDString = 899C0B3420244E680060BA4B;
			remoteInfo = ArrNilSafeDemo;
		};
/* End PBXContainerItemProxy section */

/* Begin PBXFileReference section */
		899C0B3520244E680060BA4B /* ArrNilSafeDemo.app */ = {isa = PBXFileReference; explicitFileType = wrapper.application; includeInIndex = 0; path = ArrNilSafeDemo.app; sourceTree = BUILT_PRODUCTS_DIR; };
		899C0B3820244E680060BA4B /* AppDelegate.h */ = {isa = PBXFileReference; lastKnownFileType = sourcecode.c.h; path = AppDelegate.h; sourceTree = "<group>"; };
		899C0B3920244E680060BA4B /* AppDelegate.m */ = {isa = PBXFileReference; lastKnownFileType = sourcecode.c.objc; path = AppDelegate.m; sourceTree = "<group>"; };
		899C0B3B20244E680060BA4B /* ViewController.h */ = {isa = PBXFileReference; lastKnownFileType = sourcecode.c.h; path = ViewController.h; sourceTree = "<group>"; };
		899C0B3C20244E680060BA4B /* ViewController.m */ = {isa = PBXFileReference; lastKnownFileType = sourcecode.c.objc; path = ViewController.m; sourceTree = "<group>"; };
		899C0B3F20244E680060BA4B /* Base */ = {isa = PBXFileReference; lastKnownFileType = file.storyboard; name = Base; path = Base.lproj/Main.storyboard; sourceTree = "<group>"; };
		899C0B4120244E680060BA4B /* Assets.xcassets */ = {isa = PBXFileReference; lastKnownFileType = folder.assetcatalog; path = Assets.xcassets; sourceTree = "<group>"; };
		899C0B4420244E680060BA4B /* Base */ = {isa = PBXFileReference; lastKnownFileType = file.storyboard; name = Base; path = Base.lproj/LaunchScreen.storyboard; sourceTree = "<group>"; };
		899C0B4620244E680060BA4B /* Info.plist */ = {isa = PBXFileReference; lastKnownFileType = text.plist.xml; path = Info.plist; sourceTree = "<group>"; };
		899C0B4720244E680060BA4B /* main.m */ = {isa = PBXFileReference; lastKnownFileType = sourcecode.c.objc; path = main.m; sourceTree = "<group>"; };
		899C0B4D20244E690060BA4B /* ArrNilSafeDemoTests.xctest */ = {isa = PBXFileReference; explicitFileType = wrapper.cfbundle; includeInIndex = 0; path = ArrNilSafeDemoTests.xctest; sourceTree = BUILT_PRODUCTS_DIR; };
		899C0B5120244E690060BA4B /* ArrNilSafeDemoTests.m */ = {isa = PBXFileReference; lastKnownFileType = sourcecode.c.objc; path = ArrNilSafeDemoTests.m; sourceTree = "<group>"; };
		899C0B5320244E690060BA4B /* Info.plist */ = {isa = PBXFileReference; lastKnownFileType = text.plist.xml; path = Info.plist; sourceTree = "<group>"; };
		899C0B5820244E690060BA4B /* ArrNilSafeDemoUITests.xctest */ = {isa = PBXFileReference; explicitFileType = wrapper.cfbundle; includeInIndex = 0; path = ArrNilSafeDemoUITests.xctest; sourceTree = BUILT_PRODUCTS_DIR; };
		899C0B5C20244E690060BA4B /* ArrNilSafeDemoUITests.m */ = {isa = PBXFileReference; lastKnownFileType = sourcecode.c.objc; path = ArrNilSafeDemoUITests.m; sourceTree = "<group>"; };
		899C0B5E20244E690060BA4B /* Info.plist */ = {isa = PBXFileReference; lastKnownFileType = text.plist.xml; path = Info.plist; sourceTree = "<group>"; };
		899C0B6A20244EA10060BA4B /* NSArray+NilSafe.h */ = {isa = PBXFileReference; fileEncoding = 4; lastKnownFileType = sourcecode.c.h; path = "NSArray+NilSafe.h"; sourceTree = "<group>"; };
		899C0B6B20244EA10060BA4B /* NSMutableArray+NilSafe.m */ = {isa = PBXFileReference; fileEncoding = 4; lastKnownFileType = sourcecode.c.objc; path = "NSMutableArray+NilSafe.m"; sourceTree = "<group>"; };
		899C0B6C20244EA20060BA4B /* NSObject+Swizzling.h */ = {isa = PBXFileReference; fileEncoding = 4; lastKnownFileType = sourcecode.c.h; path = "NSObject+Swizzling.h"; sourceTree = "<group>"; };
		899C0B6D20244EA20060BA4B /* NSArray+NilSafe.m */ = {isa = PBXFileReference; fileEncoding = 4; lastKnownFileType = sourcecode.c.objc; path = "NSArray+NilSafe.m"; sourceTree = "<group>"; };
		899C0B6E20244EA20060BA4B /* NSMutableArray+NilSafe.h */ = {isa = PBXFileReference; fileEncoding = 4; lastKnownFileType = sourcecode.c.h; path = "NSMutableArray+NilSafe.h"; sourceTree = "<group>"; };
		899C0B6F20244EA20060BA4B /* NSObject+Swizzling.m */ = {isa = PBXFileReference; fileEncoding = 4; lastKnownFileType = sourcecode.c.objc; path = "NSObject+Swizzling.m"; sourceTree = "<group>"; };
/* End PBXFileReference section */

/* Begin PBXFrameworksBuildPhase section */
		899C0B3220244E680060BA4B /* Frameworks */ = {
			isa = PBXFrameworksBuildPhase;
			buildActionMask = 2147483647;
			files = (
			);
			runOnlyForDeploymentPostprocessing = 0;
		};
		899C0B4A20244E690060BA4B /* Frameworks */ = {
			isa = PBXFrameworksBuildPhase;
			buildActionMask = 2147483647;
			files = (
			);
			runOnlyForDeploymentPostprocessing = 0;
		};
		899C0B5520244E690060BA4B /* Frameworks */ = {
			isa = PBXFrameworksBuildPhase;
			buildActionMask = 2147483647;
			files = (
			);
			runOnlyForDeploymentPostprocessing = 0;
		};
/* End PBXFrameworksBuildPhase section */

/* Begin PBXGroup section */
		899C0B2C20244E670060BA4B = {
			isa = PBXGroup;
			children = (
				899C0B3720244E680060BA4B /* ArrNilSafeDemo */,
				899C0B5020244E690060BA4B /* ArrNilSafeDemoTests */,
				899C0B5B20244E690060BA4B /* ArrNilSafeDemoUITests */,
				899C0B3620244E680060BA4B /* Products */,
			);
			sourceTree = "<group>";
		};
		899C0B3620244E680060BA4B /* Products */ = {
			isa = PBXGroup;
			children = (
				899C0B3520244E680060BA4B /* ArrNilSafeDemo.app */,
				899C0B4D20244E690060BA4B /* ArrNilSafeDemoTests.xctest */,
				899C0B5820244E690060BA4B /* ArrNilSafeDemoUITests.xctest */,
			);
			name = Products;
			sourceTree = "<group>";
		};
		899C0B3720244E680060BA4B /* ArrNilSafeDemo */ = {
			isa = PBXGroup;
			children = (
				899C0B3820244E680060BA4B /* AppDelegate.h */,
				899C0B3920244E680060BA4B /* AppDelegate.m */,
				899C0B3B20244E680060BA4B /* ViewController.h */,
				899C0B3C20244E680060BA4B /* ViewController.m */,
				899C0B6A20244EA10060BA4B /* NSArray+NilSafe.h */,
				899C0B6D20244EA20060BA4B /* NSArray+NilSafe.m */,
				899C0B6E20244EA20060BA4B /* NSMutableArray+NilSafe.h */,
				899C0B6B20244EA10060BA4B /* NSMutableArray+NilSafe.m */,
				899C0B6C20244EA20060BA4B /* NSObject+Swizzling.h */,
				899C0B6F20244EA20060BA4B /* NSObject+Swizzling.m */,
				899C0B3E20244E680060BA4B /* Main.storyboard */,
				899C0B4120244E680060BA4B /* Assets.xcassets */,
				899C0B4320244E680060BA4B /* LaunchScreen.storyboard */,
				899C0B4620244E680060BA4B /* Info.plist */,
				899C0B4720244E680060BA4B /* main.m */,
			);
			path = ArrNilSafeDemo;
			sourceTree = "<group>";
		};
		899C0B5020244E690060BA4B /* ArrNilSafeDemoTests */ = {
			isa = PBXGroup;
			children = (
				899C0B5120244E690060BA4B /* ArrNilSafeDemoTests.m */,
				899C0B5320244E690060BA4B /* Info.plist */,
			);
			path = ArrNilSafeDemoTests;
			sourceTree = "<group>";
		};
		899C0B5B20244E690060BA4B /* ArrNilSafeDemoUITests */ = {
			isa = PBXGroup;
			children = (
				899C0B5C20244E690060BA4B /* ArrNilSafeDemoUITests.m */,
				899C0B5E20244E690060BA4B /* Info.plist */,
			);
			path = ArrNilSafeDemoUITests;
			sourceTree = "<group>";
		};
/* End PBXGroup section */

/* Begin PBXNativeTarget section */
		899C0B3420244E680060BA4B /* ArrNilSafeDemo */ = {
			isa = PBXNativeTarget;
			buildConfigurationList = 899C0B6120244E690060BA4B /* Build configuration list for PBXNativeTarget "ArrNilSafeDemo" */;
			buildPhases = (
				899C0B3120244E680060BA4B /* Sources */,
				899C0B3220244E680060BA4B /* Frameworks */,
				899C0B3320244E680060BA4B /* Resources */,
			);
			buildRules = (
			);
			dependencies = (
			);
			name = ArrNilSafeDemo;
			productName = ArrNilSafeDemo;
			productReference = 899C0B3520244E680060BA4B /* ArrNilSafeDemo.app */;
			productType = "com.apple.product-type.application";
		};
		899C0B4C20244E690060BA4B /* ArrNilSafeDemoTests */ = {
			isa = PBXNativeTarget;
			buildConfigurationList = 899C0B6420244E690060BA4B /* Build configuration list for PBXNativeTarget "ArrNilSafeDemoTests" */;
			buildPhases = (
				899C0B4920244E690060BA4B /* Sources */,
				899C0B4A20244E690060BA4B /* Frameworks */,
				899C0B4B20244E690060BA4B /* Resources */,
			);
			buildRules = (
			);
			dependencies = (
				899C0B4F20244E690060BA4B /* PBXTargetDependency */,
			);
			name = ArrNilSafeDemoTests;
			productName = ArrNilSafeDemoTests;
			productReference = 899C0B4D20244E690060BA4B /* ArrNilSafeDemoTests.xctest */;
			productType = "com.apple.product-type.bundle.unit-test";
		};
		899C0B5720244E690060BA4B /* ArrNilSafeDemoUITests */ = {
			isa = PBXNativeTarget;
			buildConfigurationList = 899C0B6720244E690060BA4B /* Build configuration list for PBXNativeTarget "ArrNilSafeDemoUITests" */;
			buildPhases = (
				899C0B5420244E690060BA4B /* Sources */,
				899C0B5520244E690060BA4B /* Frameworks */,
				899C0B5620244E690060BA4B /* Resources */,
			);
			buildRules = (
			);
			dependencies = (
				899C0B5A20244E690060BA4B /* PBXTargetDependency */,
			);
			name = ArrNilSafeDemoUITests;
			productName = ArrNilSafeDemoUITests;
			productReference = 899C0B5820244E690060BA4B /* ArrNilSafeDemoUITests.xctest */;
			productType = "com.apple.product-type.bundle.ui-testing";
		};
/* End PBXNativeTarget section */

/* Begin PBXProject section */
		899C0B2D20244E670060BA4B /* Project object */ = {
			isa = PBXProject;
			attributes = {
				LastUpgradeCheck = 0920;
				ORGANIZATIONNAME = TRS;
				TargetAttributes = {
					899C0B3420244E680060BA4B = {
						CreatedOnToolsVersion = 9.2;
						ProvisioningStyle = Automatic;
					};
					899C0B4C20244E690060BA4B = {
						CreatedOnToolsVersion = 9.2;
						ProvisioningStyle = Automatic;
						TestTargetID = 899C0B3420244E680060BA4B;
					};
					899C0B5720244E690060BA4B = {
						CreatedOnToolsVersion = 9.2;
						ProvisioningStyle = Automatic;
						TestTargetID = 899C0B3420244E680060BA4B;
					};
				};
			};
			buildConfigurationList = 899C0B3020244E670060BA4B /* Build configuration list for PBXProject "ArrNilSafeDemo" */;
			compatibilityVersion = "Xcode 8.0";
			developmentRegion = en;
			hasScannedForEncodings = 0;
			knownRegions = (
				en,
				Base,
			);
			mainGroup = 899C0B2C20244E670060BA4B;
			productRefGroup = 899C0B3620244E680060BA4B /* Products */;
			projectDirPath = "";
			projectRoot = "";
			targets = (
				899C0B3420244E680060BA4B /* ArrNilSafeDemo */,
				899C0B4C20244E690060BA4B /* ArrNilSafeDemoTests */,
				899C0B5720244E690060BA4B /* ArrNilSafeDemoUITests */,
			);
		};
/* End PBXProject section */

/* Begin PBXResourcesBuildPhase section */
		899C0B3320244E680060BA4B /* Resources */ = {
			isa = PBXResourcesBuildPhase;
			buildActionMask = 2147483647;
			files = (
				899C0B4520244E680060BA4B /* LaunchScreen.storyboard in Resources */,
				899C0B4220244E680060BA4B /* Assets.xcassets in Resources */,
				899C0B4020244E680060BA4B /* Main.storyboard in Resources */,
			);
			runOnlyForDeploymentPostprocessing = 0;
		};
		899C0B4B20244E690060BA4B /* Resources */ = {
			isa = PBXResourcesBuildPhase;
			buildActionMask = 2147483647;
			files = (
			);
			runOnlyForDeploymentPostprocessing = 0;
		};
		899C0B5620244E690060BA4B /* Resources */ = {
			isa = PBXResourcesBuildPhase;
			buildActionMask = 2147483647;
			files = (
			);
			runOnlyForDeploymentPostprocessing = 0;
		};
/* End PBXResourcesBuildPhase section */

/* Begin PBXSourcesBuildPhase section */
		899C0B3120244E680060BA4B /* Sources */ = {
			isa = PBXSourcesBuildPhase;
			buildActionMask = 2147483647;
			files = (
				899C0B3D20244E680060BA4B /* ViewController.m in Sources */,
				899C0B7220244EA20060BA4B /* NSObject+Swizzling.m in Sources */,
				899C0B4820244E680060BA4B /* main.m in Sources */,
				899C0B7120244EA20060BA4B /* NSArray+NilSafe.m in Sources */,
				899C0B7020244EA20060BA4B /* NSMutableArray+NilSafe.m in Sources */,
				899C0B3A20244E680060BA4B /* AppDelegate.m in Sources */,
			);
			runOnlyForDeploymentPostprocessing = 0;
		};
		899C0B4920244E690060BA4B /* Sources */ = {
			isa = PBXSourcesBuildPhase;
			buildActionMask = 2147483647;
			files = (
				899C0B5220244E690060BA4B /* ArrNilSafeDemoTests.m in Sources */,
			);
			runOnlyForDeploymentPostprocessing = 0;
		};
		899C0B5420244E690060BA4B /* Sources */ = {
			isa = PBXSourcesBuildPhase;
			buildActionMask = 2147483647;
			files = (
				899C0B5D20244E690060BA4B /* ArrNilSafeDemoUITests.m in Sources */,
			);
			runOnlyForDeploymentPostprocessing = 0;
		};
/* End PBXSourcesBuildPhase section */

/* Begin PBXTargetDependency section */
		899C0B4F20244E690060BA4B /* PBXTargetDependency */ = {
			isa = PBXTargetDependency;
			target = 899C0B3420244E680060BA4B /* ArrNilSafeDemo */;
			targetProxy = 899C0B4E20244E690060BA4B /* PBXContainerItemProxy */;
		};
		899C0B5A20244E690060BA4B /* PBXTargetDependency */ = {
			isa = PBXTargetDependency;
			target = 899C0B3420244E680060BA4B /* ArrNilSafeDemo */;
			targetProxy = 899C0B5920244E690060BA4B /* PBXContainerItemProxy */;
		};
/* End PBXTargetDependency section */

/* Begin PBXVariantGroup section */
		899C0B3E20244E680060BA4B /* Main.storyboard */ = {
			isa = PBXVariantGroup;
			children = (
				899C0B3F20244E680060BA4B /* Base */,
			);
			name = Main.storyboard;
			sourceTree = "<group>";
		};
		899C0B4320244E680060BA4B /* LaunchScreen.storyboard */ = {
			isa = PBXVariantGroup;
			children = (
				899C0B4420244E680060BA4B /* Base */,
			);
			name = LaunchScreen.storyboard;
			sourceTree = "<group>";
		};
/* End PBXVariantGroup section */

/* Begin XCBuildConfiguration section */
		899C0B5F20244E690060BA4B /* Debug */ = {
			isa = XCBuildConfiguration;
			buildSettings = {
				ALWAYS_SEARCH_USER_PATHS = NO;
				CLANG_ANALYZER_NONNULL = YES;
				CLANG_ANALYZER_NUMBER_OBJECT_CONVERSION = YES_AGGRESSIVE;
				CLANG_CXX_LANGUAGE_STANDARD = "gnu++14";
				CLANG_CXX_LIBRARY = "libc++";
				CLANG_ENABLE_MODULES = YES;
				CLANG_ENABLE_OBJC_ARC = YES;
				CLANG_WARN_BLOCK_CAPTURE_AUTORELEASING = YES;
				CLANG_WARN_BOOL_CONVERSION = YES;
				CLANG_WARN_COMMA = YES;
				CLANG_WARN_CONSTANT_CONVERSION = YES;
				CLANG_WARN_DIRECT_OBJC_ISA_USAGE = YES_ERROR;
				CLANG_WARN_DOCUMENTATION_COMMENTS = YES;
				CLANG_WARN_EMPTY_BODY = YES;
				CLANG_WARN_ENUM_CONVERSION = YES;
				CLANG_WARN_INFINITE_RECURSION = YES;
				CLANG_WARN_INT_CONVERSION = YES;
				CLANG_WARN_NON_LITERAL_NULL_CONVERSION = YES;
				CLANG_WARN_OBJC_LITERAL_CONVERSION = YES;
				CLANG_WARN_OBJC_ROOT_CLASS = YES_ERROR;
				CLANG_WARN_RANGE_LOOP_ANALYSIS = YES;
				CLANG_WARN_STRICT_PROTOTYPES = YES;
				CLANG_WARN_SUSPICIOUS_MOVE = YES;
				CLANG_WARN_UNGUARDED_AVAILABILITY = YES_AGGRESSIVE;
				CLANG_WARN_UNREACHABLE_CODE = YES;
				CLANG_WARN__DUPLICATE_METHOD_MATCH = YES;
				CODE_SIGN_IDENTITY = "iPhone Developer";
				COPY_PHASE_STRIP = NO;
				DEBUG_INFORMATION_FORMAT = dwarf;
				ENABLE_STRICT_OBJC_MSGSEND = YES;
				ENABLE_TESTABILITY = YES;
				GCC_C_LANGUAGE_STANDARD = gnu11;
				GCC_DYNAMIC_NO_PIC = NO;
				GCC_NO_COMMON_BLOCKS = YES;
				GCC_OPTIMIZATION_LEVEL = 0;
				GCC_PREPROCESSOR_DEFINITIONS = (
					"DEBUG=1",
					"$(inherited)",
				);
				GCC_WARN_64_TO_32_BIT_CONVERSION = YES;
				GCC_WARN_ABOUT_RETURN_TYPE = YES_ERROR;
				GCC_WARN_UNDECLARED_SELECTOR = YES;
				GCC_WARN_UNINITIALIZED_AUTOS = YES_AGGRESSIVE;
				GCC_WARN_UNUSED_FUNCTION = YES;
				GCC_WARN_UNUSED_VARIABLE = YES;
				IPHONEOS_DEPLOYMENT_TARGET = 11.2;
				MTL_ENABLE_DEBUG_INFO = YES;
				ONLY_ACTIVE_ARCH = YES;
				SDKROOT = iphoneos;
			};
			name = Debug;
		};
		899C0B6020244E690060BA4B /* Release */ = {
			isa = XCBuildConfiguration;
			buildSettings = {
				ALWAYS_SEARCH_USER_PATHS = NO;
				CLANG_ANALYZER_NONNULL = YES;
				CLANG_ANALYZER_NUMBER_OBJECT_CONVERSION = YES_AGGRESSIVE;
				CLANG_CXX_LANGUAGE_STANDARD = "gnu++14";
				CLANG_CXX_LIBRARY = "libc++";
				CLANG_ENABLE_MODULES = YES;
				CLANG_ENABLE_OBJC_ARC = YES;
				CLANG_WARN_BLOCK_CAPTURE_AUTORELEASING = YES;
				CLANG_WARN_BOOL_CONVERSION = YES;
				CLANG_WARN_COMMA = YES;
				CLANG_WARN_CONSTANT_CONVERSION = YES;
				CLANG_WARN_DIRECT_OBJC_ISA_USAGE = YES_ERROR;
				CLANG_WARN_DOCUMENTATION_COMMENTS = YES;
				CLANG_WARN_EMPTY_BODY = YES;
				CLANG_WARN_ENUM_CONVERSION = YES;
				CLANG_WARN_INFINITE_RECURSION = YES;
				CLANG_WARN_INT_CONVERSION = YES;
				CLANG_WARN_NON_LITERAL_NULL_CONVERSION = YES;
				CLANG_WARN_OBJC_LITERAL_CONVERSION = YES;
				CLANG_WARN_OBJC_ROOT_CLASS = YES_ERROR;
				CLANG_WARN_RANGE_LOOP_ANALYSIS = YES;
				CLANG_WARN_STRICT_PROTOTYPES = YES;
				CLANG_WARN_SUSPICIOUS_MOVE = YES;
				CLANG_WARN_UNGUARDED_AVAILABILITY = YES_AGGRESSIVE;
				CLANG_WARN_UNREACHABLE_CODE = YES;
				CLANG_WARN__DUPLICATE_METHOD_MATCH = YES;
				CODE_SIGN_IDENTITY = "iPhone Developer";
				COPY_PHASE_STRIP = NO;
				DEBUG_INFORMATION_FORMAT = "dwarf-with-dsym";
				ENABLE_NS_ASSERTIONS = NO;
				ENABLE_STRICT_OBJC_MSGSEND = YES;
				GCC_C_LANGUAGE_STANDARD = gnu11;
				GCC_NO_COMMON_BLOCKS = YES;
				GCC_WARN_64_TO_32_BIT_CONVERSION = YES;
				GCC_WARN_ABOUT_RETURN_TYPE = YES_ERROR;
				GCC_WARN_UNDECLARED_SELECTOR = YES;
				GCC_WARN_UNINITIALIZED_AUTOS = YES_AGGRESSIVE;
				GCC_WARN_UNUSED_FUNCTION = YES;
				GCC_WARN_UNUSED_VARIABLE = YES;
				IPHONEOS_DEPLOYMENT_TARGET = 11.2;
				MTL_ENABLE_DEBUG_INFO = NO;
				SDKROOT = iphoneos;
				VALIDATE_PRODUCT = YES;
			};
			name = Release;
		};
		899C0B6220244E690060BA4B /* Debug */ = {
			isa = XCBuildConfiguration;
			buildSettings = {
				ASSETCATALOG_COMPILER_APPICON_NAME = AppIcon;
				CODE_SIGN_STYLE = Automatic;
				DEVELOPMENT_TEAM = QV25246Z9A;
				INFOPLIST_FILE = ArrNilSafeDemo/Info.plist;
				LD_RUNPATH_SEARCH_PATHS = "$(inherited) @executable_path/Frameworks";
				PRODUCT_BUNDLE_IDENTIFIER = com.trs.cn.ArrNilSafeDemo;
				PRODUCT_NAME = "$(TARGET_NAME)";
				TARGETED_DEVICE_FAMILY = "1,2";
			};
			name = Debug;
		};
		899C0B6320244E690060BA4B /* Release */ = {
			isa = XCBuildConfiguration;
			buildSettings = {
				ASSETCATALOG_COMPILER_APPICON_NAME = AppIcon;
				CODE_SIGN_STYLE = Automatic;
				DEVELOPMENT_TEAM = QV25246Z9A;
				INFOPLIST_FILE = ArrNilSafeDemo/Info.plist;
				LD_RUNPATH_SEARCH_PATHS = "$(inherited) @executable_path/Frameworks";
				PRODUCT_BUNDLE_IDENTIFIER = com.trs.cn.ArrNilSafeDemo;
				PRODUCT_NAME = "$(TARGET_NAME)";
				TARGETED_DEVICE_FAMILY = "1,2";
			};
			name = Release;
		};
		899C0B6520244E690060BA4B /* Debug */ = {
			isa = XCBuildConfiguration;
			buildSettings = {
				BUNDLE_LOADER = "$(TEST_HOST)";
				CODE_SIGN_STYLE = Automatic;
				DEVELOPMENT_TEAM = QV25246Z9A;
				INFOPLIST_FILE = ArrNilSafeDemoTests/Info.plist;
				LD_RUNPATH_SEARCH_PATHS = "$(inherited) @executable_path/Frameworks @loader_path/Frameworks";
				PRODUCT_BUNDLE_IDENTIFIER = com.trs.cn.ArrNilSafeDemoTests;
				PRODUCT_NAME = "$(TARGET_NAME)";
				TARGETED_DEVICE_FAMILY = "1,2";
				TEST_HOST = "$(BUILT_PRODUCTS_DIR)/ArrNilSafeDemo.app/ArrNilSafeDemo";
			};
			name = Debug;
		};
		899C0B6620244E690060BA4B /* Release */ = {
			isa = XCBuildConfiguration;
			buildSettings = {
				BUNDLE_LOADER = "$(TEST_HOST)";
				CODE_SIGN_STYLE = Automatic;
				DEVELOPMENT_TEAM = QV25246Z9A;
				INFOPLIST_FILE = ArrNilSafeDemoTests/Info.plist;
				LD_RUNPATH_SEARCH_PATHS = "$(inherited) @executable_path/Frameworks @loader_path/Frameworks";
				PRODUCT_BUNDLE_IDENTIFIER = com.trs.cn.ArrNilSafeDemoTests;
				PRODUCT_NAME = "$(TARGET_NAME)";
				TARGETED_DEVICE_FAMILY = "1,2";
				TEST_HOST = "$(BUILT_PRODUCTS_DIR)/ArrNilSafeDemo.app/ArrNilSafeDemo";
			};
			name = Release;
		};
		899C0B6820244E690060BA4B /* Debug */ = {
			isa = XCBuildConfiguration;
			buildSettings = {
				CODE_SIGN_STYLE = Automatic;
				DEVELOPMENT_TEAM = QV25246Z9A;
				INFOPLIST_FILE = ArrNilSafeDemoUITests/Info.plist;
				LD_RUNPATH_SEARCH_PATHS = "$(inherited) @executable_path/Frameworks @loader_path/Frameworks";
				PRODUCT_BUNDLE_IDENTIFIER = com.trs.cn.ArrNilSafeDemoUITests;
				PRODUCT_NAME = "$(TARGET_NAME)";
				TARGETED_DEVICE_FAMILY = "1,2";
				TEST_TARGET_NAME = ArrNilSafeDemo;
			};
			name = Debug;
		};
		899C0B6920244E690060BA4B /* Release */ = {
			isa = XCBuildConfiguration;
			buildSettings = {
				CODE_SIGN_STYLE = Automatic;
				DEVELOPMENT_TEAM = QV25246Z9A;
				INFOPLIST_FILE = ArrNilSafeDemoUITests/Info.plist;
				LD_RUNPATH_SEARCH_PATHS = "$(inherited) @executable_path/Frameworks @loader_path/Frameworks";
				PRODUCT_BUNDLE_IDENTIFIER = com.trs.cn.ArrNilSafeDemoUITests;
				PRODUCT_NAME = "$(TARGET_NAME)";
				TARGETED_DEVICE_FAMILY = "1,2";
				TEST_TARGET_NAME = ArrNilSafeDemo;
			};
			name = Release;
		};
/* End XCBuildConfiguration section */

/* Begin XCConfigurationList section */
		899C0B3020244E670060BA4B /* Build configuration list for PBXProject "ArrNilSafeDemo" */ = {
			isa = XCConfigurationList;
			buildConfigurations = (
				899C0B5F20244E690060BA4B /* Debug */,
				899C0B6020244E690060BA4B /* Release */,
			);
			defaultConfigurationIsVisible = 0;
			defaultConfigurationName = Release;
		};
		899C0B6120244E690060BA4B /* Build configuration list for PBXNativeTarget "ArrNilSafeDemo" */ = {
			isa = XCConfigurationList;
			buildConfigurations = (
				899C0B6220244E690060BA4B /* Debug */,
				899C0B6320244E690060BA4B /* Release */,
			);
			defaultConfigurationIsVisible = 0;
			defaultConfigurationName = Release;
		};
		899C0B6420244E690060BA4B /* Build configuration list for PBXNativeTarget "ArrNilSafeDemoTests" */ = {
			isa = XCConfigurationList;
			buildConfigurations = (
				899C0B6520244E690060BA4B /* Debug */,
				899C0B6620244E690060BA4B /* Release */,
			);
			defaultConfigurationIsVisible = 0;
			defaultConfigurationName = Release;
		};
		899C0B6720244E690060BA4B /* Build configuration list for PBXNativeTarget "ArrNilSafeDemoUITests" */ = {
			isa = XCConfigurationList;
			buildConfigurations = (
				899C0B6820244E690060BA4B /* Debug */,
				899C0B6920244E690060BA4B /* Release */,
			);
			defaultConfigurationIsVisible = 0;
			defaultConfigurationName = Release;
		};
/* End XCConfigurationList section */
	};
	rootObject = 899C0B2D20244E670060BA4B /* Project object */;
}
